// !$*UTF8*$!
{
	archiveVersion = 1;
	classes = {
	};
	objectVersion = 56;
	objects = {

/* Begin PBXBuildFile section */
		8124D33F29FC2E70001783B0 /* HomeVM.swift in Sources */ = {isa = PBXBuildFile; fileRef = 8124D33E29FC2E70001783B0 /* HomeVM.swift */; };
		8124D34229FC38B2001783B0 /* CoursesView.swift in Sources */ = {isa = PBXBuildFile; fileRef = 8124D34129FC38B2001783B0 /* CoursesView.swift */; };
		8124D34429FC3AA4001783B0 /* CoursesManager.swift in Sources */ = {isa = PBXBuildFile; fileRef = 8124D34329FC3AA4001783B0 /* CoursesManager.swift */; };
		8124D34629FC411C001783B0 /* Course.swift in Sources */ = {isa = PBXBuildFile; fileRef = 8124D34529FC411B001783B0 /* Course.swift */; };
		814FD08529F6E5010088AFE1 /* ProfileScreen.swift in Sources */ = {isa = PBXBuildFile; fileRef = 814FD08429F6E5010088AFE1 /* ProfileScreen.swift */; };
		814FD08729F6E5180088AFE1 /* ProfileVM.swift in Sources */ = {isa = PBXBuildFile; fileRef = 814FD08629F6E5180088AFE1 /* ProfileVM.swift */; };
		814FD08929F6E9EA0088AFE1 /* UserManager.swift in Sources */ = {isa = PBXBuildFile; fileRef = 814FD08829F6E9EA0088AFE1 /* UserManager.swift */; };
		814FD08B29F6F8B20088AFE1 /* DBUser.swift in Sources */ = {isa = PBXBuildFile; fileRef = 814FD08A29F6F8B20088AFE1 /* DBUser.swift */; };
		8191A07829F2AAA00051223D /* FreeFlashCardsApp.swift in Sources */ = {isa = PBXBuildFile; fileRef = 8191A07729F2AAA00051223D /* FreeFlashCardsApp.swift */; };
		8191A07A29F2AAA10051223D /* HomeScreen.swift in Sources */ = {isa = PBXBuildFile; fileRef = 8191A07929F2AAA10051223D /* HomeScreen.swift */; };
		8191A07C29F2AAA20051223D /* Assets.xcassets in Resources */ = {isa = PBXBuildFile; fileRef = 8191A07B29F2AAA20051223D /* Assets.xcassets */; };
		8191A07F29F2AAA20051223D /* Preview Assets.xcassets in Resources */ = {isa = PBXBuildFile; fileRef = 8191A07E29F2AAA20051223D /* Preview Assets.xcassets */; };
		8191A08E29F2B07A0051223D /* TabBarVM.swift in Sources */ = {isa = PBXBuildFile; fileRef = 8191A08D29F2B07A0051223D /* TabBarVM.swift */; };
		8191A09029F2B0E90051223D /* PracticeScreen.swift in Sources */ = {isa = PBXBuildFile; fileRef = 8191A08F29F2B0E90051223D /* PracticeScreen.swift */; };
		8191A09229F2B0F50051223D /* SettingsView.swift in Sources */ = {isa = PBXBuildFile; fileRef = 8191A09129F2B0F50051223D /* SettingsView.swift */; };
		8191A09429F2B1020051223D /* SettingsVM.swift in Sources */ = {isa = PBXBuildFile; fileRef = 8191A09329F2B1020051223D /* SettingsVM.swift */; };
		81A2DF4229F3BCBF007FFA18 /* SignInView.swift in Sources */ = {isa = PBXBuildFile; fileRef = 81A2DF4129F3BCBF007FFA18 /* SignInView.swift */; };
		81A2DF4629F3BD54007FFA18 /* CreateAccountView.swift in Sources */ = {isa = PBXBuildFile; fileRef = 81A2DF4529F3BD54007FFA18 /* CreateAccountView.swift */; };
		81A2DF4829F3BE3E007FFA18 /* OnboardingVM.swift in Sources */ = {isa = PBXBuildFile; fileRef = 81A2DF4729F3BE3E007FFA18 /* OnboardingVM.swift */; };
		81A2DF4A29F3BF23007FFA18 /* SharedVM.swift in Sources */ = {isa = PBXBuildFile; fileRef = 81A2DF4929F3BF23007FFA18 /* SharedVM.swift */; };
		81A2DF5129F3C365007FFA18 /* GoogleSignIn in Frameworks */ = {isa = PBXBuildFile; productRef = 81A2DF5029F3C365007FFA18 /* GoogleSignIn */; };
		81A2DF5329F3C365007FFA18 /* GoogleSignInSwift in Frameworks */ = {isa = PBXBuildFile; productRef = 81A2DF5229F3C365007FFA18 /* GoogleSignInSwift */; };
		81A2DF5729F3C90B007FFA18 /* Utilities.swift in Sources */ = {isa = PBXBuildFile; fileRef = 81A2DF5629F3C90B007FFA18 /* Utilities.swift */; };
		81A2DF5929F3CE51007FFA18 /* AuthenticationManager.swift in Sources */ = {isa = PBXBuildFile; fileRef = 81A2DF5829F3CE51007FFA18 /* AuthenticationManager.swift */; };
		81A2DF5B29F3DCFE007FFA18 /* SignInGoogleHelper.swift in Sources */ = {isa = PBXBuildFile; fileRef = 81A2DF5A29F3DCFE007FFA18 /* SignInGoogleHelper.swift */; };
		81A2DF5D29F5176F007FFA18 /* SignInAppleHelper.swift in Sources */ = {isa = PBXBuildFile; fileRef = 81A2DF5C29F5176F007FFA18 /* SignInAppleHelper.swift */; };
		81A2DF5F29F59492007FFA18 /* CustomButtonStyle01.swift in Sources */ = {isa = PBXBuildFile; fileRef = 81A2DF5E29F59492007FFA18 /* CustomButtonStyle01.swift */; };
		81C3E16729F7B16100A76489 /* FirebaseAnalytics in Frameworks */ = {isa = PBXBuildFile; productRef = 81C3E16629F7B16100A76489 /* FirebaseAnalytics */; };
		81C3E16929F7B16100A76489 /* FirebaseAnalyticsSwift in Frameworks */ = {isa = PBXBuildFile; productRef = 81C3E16829F7B16100A76489 /* FirebaseAnalyticsSwift */; };
		81C3E16B29F7B16100A76489 /* FirebaseAuth in Frameworks */ = {isa = PBXBuildFile; productRef = 81C3E16A29F7B16100A76489 /* FirebaseAuth */; };
		81C3E16D29F7B16100A76489 /* FirebaseFirestore in Frameworks */ = {isa = PBXBuildFile; productRef = 81C3E16C29F7B16100A76489 /* FirebaseFirestore */; };
		81C3E16F29F7B16100A76489 /* FirebaseFirestoreSwift in Frameworks */ = {isa = PBXBuildFile; productRef = 81C3E16E29F7B16100A76489 /* FirebaseFirestoreSwift */; };
		81C3E18829F81A0700A76489 /* Query+EXT.swift in Sources */ = {isa = PBXBuildFile; fileRef = 81C3E18729F81A0700A76489 /* Query+EXT.swift */; };
		81CEDDD329F2C93E00B54BC1 /* TabBarItem.swift in Sources */ = {isa = PBXBuildFile; fileRef = 81CEDDCE29F2C93E00B54BC1 /* TabBarItem.swift */; };
		81CEDDD429F2C93E00B54BC1 /* CustomTabBarView.swift in Sources */ = {isa = PBXBuildFile; fileRef = 81CEDDCF29F2C93E00B54BC1 /* CustomTabBarView.swift */; };
		81CEDDD529F2C93E00B54BC1 /* TabBarItemsPreferenceKey.swift in Sources */ = {isa = PBXBuildFile; fileRef = 81CEDDD029F2C93E00B54BC1 /* TabBarItemsPreferenceKey.swift */; };
		81CEDDD629F2C93E00B54BC1 /* TabBarView.swift in Sources */ = {isa = PBXBuildFile; fileRef = 81CEDDD129F2C93E00B54BC1 /* TabBarView.swift */; };
		81CEDDD729F2C93E00B54BC1 /* CustomTabBarContainerView.swift in Sources */ = {isa = PBXBuildFile; fileRef = 81CEDDD229F2C93E00B54BC1 /* CustomTabBarContainerView.swift */; };
		81CEDDDA29F3B07600B54BC1 /* GoogleService-Info.plist in Resources */ = {isa = PBXBuildFile; fileRef = 81CEDDD929F3B07600B54BC1 /* GoogleService-Info.plist */; };
		81CEDDE129F3B9AE00B54BC1 /* OnboardingView.swift in Sources */ = {isa = PBXBuildFile; fileRef = 81CEDDE029F3B9AE00B54BC1 /* OnboardingView.swift */; };
		81E98FB029FF8BC8007BB76F /* DependencyInjection.swift in Sources */ = {isa = PBXBuildFile; fileRef = 81E98FAF29FF8BC8007BB76F /* DependencyInjection.swift */; };
		81E98FB329FFA796007BB76F /* UserManagerProtocol.swift in Sources */ = {isa = PBXBuildFile; fileRef = 81E98FB229FFA796007BB76F /* UserManagerProtocol.swift */; };
		81E98FB529FFA922007BB76F /* AuthenticationManagerProtocol.swift in Sources */ = {isa = PBXBuildFile; fileRef = 81E98FB429FFA922007BB76F /* AuthenticationManagerProtocol.swift */; };
		81E98FB729FFA95D007BB76F /* AuthDataResultModel.swift in Sources */ = {isa = PBXBuildFile; fileRef = 81E98FB629FFA95D007BB76F /* AuthDataResultModel.swift */; };
		81F0B46329FCE15E00A34BCD /* Lesson.swift in Sources */ = {isa = PBXBuildFile; fileRef = 81F0B46229FCE15E00A34BCD /* Lesson.swift */; };
		81F0B46529FCE76700A34BCD /* PersonalCourse.swift in Sources */ = {isa = PBXBuildFile; fileRef = 81F0B46429FCE76700A34BCD /* PersonalCourse.swift */; };
		81F0B46729FCEA2800A34BCD /* FLashCard.swift in Sources */ = {isa = PBXBuildFile; fileRef = 81F0B46629FCEA2800A34BCD /* FLashCard.swift */; };
		81FF80C729FE4143007E79E7 /* PracticeVM.swift in Sources */ = {isa = PBXBuildFile; fileRef = 81FF80C629FE4143007E79E7 /* PracticeVM.swift */; };
/* End PBXBuildFile section */

/* Begin PBXFileReference section */
		8124D33E29FC2E70001783B0 /* HomeVM.swift */ = {isa = PBXFileReference; lastKnownFileType = sourcecode.swift; path = HomeVM.swift; sourceTree = "<group>"; };
		8124D34129FC38B2001783B0 /* CoursesView.swift */ = {isa = PBXFileReference; lastKnownFileType = sourcecode.swift; path = CoursesView.swift; sourceTree = "<group>"; };
		8124D34329FC3AA4001783B0 /* CoursesManager.swift */ = {isa = PBXFileReference; lastKnownFileType = sourcecode.swift; path = CoursesManager.swift; sourceTree = "<group>"; };
		8124D34529FC411B001783B0 /* Course.swift */ = {isa = PBXFileReference; lastKnownFileType = sourcecode.swift; path = Course.swift; sourceTree = "<group>"; };
		814FD08429F6E5010088AFE1 /* ProfileScreen.swift */ = {isa = PBXFileReference; lastKnownFileType = sourcecode.swift; path = ProfileScreen.swift; sourceTree = "<group>"; };
		814FD08629F6E5180088AFE1 /* ProfileVM.swift */ = {isa = PBXFileReference; lastKnownFileType = sourcecode.swift; path = ProfileVM.swift; sourceTree = "<group>"; };
		814FD08829F6E9EA0088AFE1 /* UserManager.swift */ = {isa = PBXFileReference; lastKnownFileType = sourcecode.swift; path = UserManager.swift; sourceTree = "<group>"; };
		814FD08A29F6F8B20088AFE1 /* DBUser.swift */ = {isa = PBXFileReference; lastKnownFileType = sourcecode.swift; path = DBUser.swift; sourceTree = "<group>"; };
		8191A07429F2AAA00051223D /* FreeFlashCards.app */ = {isa = PBXFileReference; explicitFileType = wrapper.application; includeInIndex = 0; path = FreeFlashCards.app; sourceTree = BUILT_PRODUCTS_DIR; };
		8191A07729F2AAA00051223D /* FreeFlashCardsApp.swift */ = {isa = PBXFileReference; lastKnownFileType = sourcecode.swift; path = FreeFlashCardsApp.swift; sourceTree = "<group>"; };
		8191A07929F2AAA10051223D /* HomeScreen.swift */ = {isa = PBXFileReference; lastKnownFileType = sourcecode.swift; path = HomeScreen.swift; sourceTree = "<group>"; };
		8191A07B29F2AAA20051223D /* Assets.xcassets */ = {isa = PBXFileReference; lastKnownFileType = folder.assetcatalog; path = Assets.xcassets; sourceTree = "<group>"; };
		8191A07E29F2AAA20051223D /* Preview Assets.xcassets */ = {isa = PBXFileReference; lastKnownFileType = folder.assetcatalog; path = "Preview Assets.xcassets"; sourceTree = "<group>"; };
		8191A08D29F2B07A0051223D /* TabBarVM.swift */ = {isa = PBXFileReference; lastKnownFileType = sourcecode.swift; path = TabBarVM.swift; sourceTree = "<group>"; };
		8191A08F29F2B0E90051223D /* PracticeScreen.swift */ = {isa = PBXFileReference; lastKnownFileType = sourcecode.swift; path = PracticeScreen.swift; sourceTree = "<group>"; };
		8191A09129F2B0F50051223D /* SettingsView.swift */ = {isa = PBXFileReference; lastKnownFileType = sourcecode.swift; path = SettingsView.swift; sourceTree = "<group>"; };
		8191A09329F2B1020051223D /* SettingsVM.swift */ = {isa = PBXFileReference; lastKnownFileType = sourcecode.swift; path = SettingsVM.swift; sourceTree = "<group>"; };
		81A2DF4129F3BCBF007FFA18 /* SignInView.swift */ = {isa = PBXFileReference; lastKnownFileType = sourcecode.swift; path = SignInView.swift; sourceTree = "<group>"; };
		81A2DF4529F3BD54007FFA18 /* CreateAccountView.swift */ = {isa = PBXFileReference; lastKnownFileType = sourcecode.swift; path = CreateAccountView.swift; sourceTree = "<group>"; };
		81A2DF4729F3BE3E007FFA18 /* OnboardingVM.swift */ = {isa = PBXFileReference; lastKnownFileType = sourcecode.swift; path = OnboardingVM.swift; sourceTree = "<group>"; };
		81A2DF4929F3BF23007FFA18 /* SharedVM.swift */ = {isa = PBXFileReference; lastKnownFileType = sourcecode.swift; path = SharedVM.swift; sourceTree = "<group>"; };
		81A2DF5429F3C3D0007FFA18 /* Info.plist */ = {isa = PBXFileReference; lastKnownFileType = text.plist; path = Info.plist; sourceTree = "<group>"; };
		81A2DF5629F3C90B007FFA18 /* Utilities.swift */ = {isa = PBXFileReference; lastKnownFileType = sourcecode.swift; path = Utilities.swift; sourceTree = "<group>"; };
		81A2DF5829F3CE51007FFA18 /* AuthenticationManager.swift */ = {isa = PBXFileReference; lastKnownFileType = sourcecode.swift; path = AuthenticationManager.swift; sourceTree = "<group>"; };
		81A2DF5A29F3DCFE007FFA18 /* SignInGoogleHelper.swift */ = {isa = PBXFileReference; lastKnownFileType = sourcecode.swift; path = SignInGoogleHelper.swift; sourceTree = "<group>"; };
		81A2DF5C29F5176F007FFA18 /* SignInAppleHelper.swift */ = {isa = PBXFileReference; lastKnownFileType = sourcecode.swift; path = SignInAppleHelper.swift; sourceTree = "<group>"; };
		81A2DF5E29F59492007FFA18 /* CustomButtonStyle01.swift */ = {isa = PBXFileReference; lastKnownFileType = sourcecode.swift; path = CustomButtonStyle01.swift; sourceTree = "<group>"; };
		81C3E18729F81A0700A76489 /* Query+EXT.swift */ = {isa = PBXFileReference; lastKnownFileType = sourcecode.swift; path = "Query+EXT.swift"; sourceTree = "<group>"; };
		81CEDDCE29F2C93E00B54BC1 /* TabBarItem.swift */ = {isa = PBXFileReference; fileEncoding = 4; lastKnownFileType = sourcecode.swift; path = TabBarItem.swift; sourceTree = "<group>"; };
		81CEDDCF29F2C93E00B54BC1 /* CustomTabBarView.swift */ = {isa = PBXFileReference; fileEncoding = 4; lastKnownFileType = sourcecode.swift; path = CustomTabBarView.swift; sourceTree = "<group>"; };
		81CEDDD029F2C93E00B54BC1 /* TabBarItemsPreferenceKey.swift */ = {isa = PBXFileReference; fileEncoding = 4; lastKnownFileType = sourcecode.swift; path = TabBarItemsPreferenceKey.swift; sourceTree = "<group>"; };
		81CEDDD129F2C93E00B54BC1 /* TabBarView.swift */ = {isa = PBXFileReference; fileEncoding = 4; lastKnownFileType = sourcecode.swift; path = TabBarView.swift; sourceTree = "<group>"; };
		81CEDDD229F2C93E00B54BC1 /* CustomTabBarContainerView.swift */ = {isa = PBXFileReference; fileEncoding = 4; lastKnownFileType = sourcecode.swift; path = CustomTabBarContainerView.swift; sourceTree = "<group>"; };
		81CEDDD929F3B07600B54BC1 /* GoogleService-Info.plist */ = {isa = PBXFileReference; fileEncoding = 4; lastKnownFileType = text.plist.xml; path = "GoogleService-Info.plist"; sourceTree = "<group>"; };
		81CEDDE029F3B9AE00B54BC1 /* OnboardingView.swift */ = {isa = PBXFileReference; lastKnownFileType = sourcecode.swift; path = OnboardingView.swift; sourceTree = "<group>"; };
		81E98FAF29FF8BC8007BB76F /* DependencyInjection.swift */ = {isa = PBXFileReference; lastKnownFileType = sourcecode.swift; path = DependencyInjection.swift; sourceTree = "<group>"; };
		81E98FB229FFA796007BB76F /* UserManagerProtocol.swift */ = {isa = PBXFileReference; lastKnownFileType = sourcecode.swift; path = UserManagerProtocol.swift; sourceTree = "<group>"; };
		81E98FB429FFA922007BB76F /* AuthenticationManagerProtocol.swift */ = {isa = PBXFileReference; lastKnownFileType = sourcecode.swift; path = AuthenticationManagerProtocol.swift; sourceTree = "<group>"; };
		81E98FB629FFA95D007BB76F /* AuthDataResultModel.swift */ = {isa = PBXFileReference; lastKnownFileType = sourcecode.swift; path = AuthDataResultModel.swift; sourceTree = "<group>"; };
		81F0B46229FCE15E00A34BCD /* Lesson.swift */ = {isa = PBXFileReference; lastKnownFileType = sourcecode.swift; path = Lesson.swift; sourceTree = "<group>"; };
		81F0B46429FCE76700A34BCD /* PersonalCourse.swift */ = {isa = PBXFileReference; lastKnownFileType = sourcecode.swift; path = PersonalCourse.swift; sourceTree = "<group>"; };
		81F0B46629FCEA2800A34BCD /* FLashCard.swift */ = {isa = PBXFileReference; lastKnownFileType = sourcecode.swift; path = FLashCard.swift; sourceTree = "<group>"; };
		81FF80C629FE4143007E79E7 /* PracticeVM.swift */ = {isa = PBXFileReference; lastKnownFileType = sourcecode.swift; path = PracticeVM.swift; sourceTree = "<group>"; };
/* End PBXFileReference section */

/* Begin PBXFrameworksBuildPhase section */
		8191A07129F2AAA00051223D /* Frameworks */ = {
			isa = PBXFrameworksBuildPhase;
			buildActionMask = 2147483647;
			files = (
				81C3E16929F7B16100A76489 /* FirebaseAnalyticsSwift in Frameworks */,
				81C3E16B29F7B16100A76489 /* FirebaseAuth in Frameworks */,
				81A2DF5329F3C365007FFA18 /* GoogleSignInSwift in Frameworks */,
				81C3E16F29F7B16100A76489 /* FirebaseFirestoreSwift in Frameworks */,
				81A2DF5129F3C365007FFA18 /* GoogleSignIn in Frameworks */,
				81C3E16729F7B16100A76489 /* FirebaseAnalytics in Frameworks */,
				81C3E16D29F7B16100A76489 /* FirebaseFirestore in Frameworks */,
			);
			runOnlyForDeploymentPostprocessing = 0;
		};
/* End PBXFrameworksBuildPhase section */

/* Begin PBXGroup section */
		8124D34029FC388A001783B0 /* HomeSubviews */ = {
			isa = PBXGroup;
			children = (
				8124D34129FC38B2001783B0 /* CoursesView.swift */,
			);
			path = HomeSubviews;
			sourceTree = "<group>";
		};
		814FD08329F6E4D10088AFE1 /* Settings */ = {
			isa = PBXGroup;
			children = (
				8191A09129F2B0F50051223D /* SettingsView.swift */,
				8191A09329F2B1020051223D /* SettingsVM.swift */,
			);
			path = Settings;
			sourceTree = "<group>";
		};
		8191A06B29F2AAA00051223D = {
			isa = PBXGroup;
			children = (
				8191A07629F2AAA00051223D /* FreeFlashCards */,
				8191A07529F2AAA00051223D /* Products */,
				81A2DF4C29F3C247007FFA18 /* Frameworks */,
			);
			sourceTree = "<group>";
		};
		8191A07529F2AAA00051223D /* Products */ = {
			isa = PBXGroup;
			children = (
				8191A07429F2AAA00051223D /* FreeFlashCards.app */,
			);
			name = Products;
			sourceTree = "<group>";
		};
		8191A07629F2AAA00051223D /* FreeFlashCards */ = {
			isa = PBXGroup;
			children = (
				81A2DF5429F3C3D0007FFA18 /* Info.plist */,
				8191A07729F2AAA00051223D /* FreeFlashCardsApp.swift */,
				8191A08529F2AB150051223D /* Core */,
				81C3E18529F819D900A76489 /* Extensions */,
				8191A08629F2AB240051223D /* Models */,
				81A2DF5529F3C8E6007FFA18 /* Utilities */,
				8191A08729F2AB370051223D /* Managers */,
				81E98FB129FFA77B007BB76F /* Protocols */,
				81CEDDD929F3B07600B54BC1 /* GoogleService-Info.plist */,
				8191A07B29F2AAA20051223D /* Assets.xcassets */,
				8191A07D29F2AAA20051223D /* Preview Content */,
			);
			path = FreeFlashCards;
			sourceTree = "<group>";
		};
		8191A07D29F2AAA20051223D /* Preview Content */ = {
			isa = PBXGroup;
			children = (
				8191A07E29F2AAA20051223D /* Preview Assets.xcassets */,
			);
			path = "Preview Content";
			sourceTree = "<group>";
		};
		8191A08529F2AB150051223D /* Core */ = {
			isa = PBXGroup;
			children = (
				81A2DF4929F3BF23007FFA18 /* SharedVM.swift */,
				81A2DF4B29F3C094007FFA18 /* Shared */,
				81CEDDE229F3B9B900B54BC1 /* Onboarding */,
				81CEDDCD29F2C93E00B54BC1 /* CustomTabBar */,
				8191A08829F2AB530051223D /* Home */,
				8191A08A29F2B0280051223D /* Practice */,
				8191A08929F2B01D0051223D /* Profile */,
				814FD08329F6E4D10088AFE1 /* Settings */,
			);
			path = Core;
			sourceTree = "<group>";
		};
		8191A08629F2AB240051223D /* Models */ = {
			isa = PBXGroup;
			children = (
				81E98FB629FFA95D007BB76F /* AuthDataResultModel.swift */,
				814FD08A29F6F8B20088AFE1 /* DBUser.swift */,
				8124D34529FC411B001783B0 /* Course.swift */,
				81F0B46429FCE76700A34BCD /* PersonalCourse.swift */,
				81F0B46229FCE15E00A34BCD /* Lesson.swift */,
				81F0B46629FCEA2800A34BCD /* FLashCard.swift */,
			);
			path = Models;
			sourceTree = "<group>";
		};
		8191A08729F2AB370051223D /* Managers */ = {
			isa = PBXGroup;
			children = (
				81A2DF5829F3CE51007FFA18 /* AuthenticationManager.swift */,
				814FD08829F6E9EA0088AFE1 /* UserManager.swift */,
				8124D34329FC3AA4001783B0 /* CoursesManager.swift */,
			);
			path = Managers;
			sourceTree = "<group>";
		};
		8191A08829F2AB530051223D /* Home */ = {
			isa = PBXGroup;
			children = (
				8191A07929F2AAA10051223D /* HomeScreen.swift */,
				8124D33E29FC2E70001783B0 /* HomeVM.swift */,
				8124D34029FC388A001783B0 /* HomeSubviews */,
			);
			path = Home;
			sourceTree = "<group>";
		};
		8191A08929F2B01D0051223D /* Profile */ = {
			isa = PBXGroup;
			children = (
				814FD08429F6E5010088AFE1 /* ProfileScreen.swift */,
				814FD08629F6E5180088AFE1 /* ProfileVM.swift */,
			);
			path = Profile;
			sourceTree = "<group>";
		};
		8191A08A29F2B0280051223D /* Practice */ = {
			isa = PBXGroup;
			children = (
				8191A08F29F2B0E90051223D /* PracticeScreen.swift */,
				81FF80C629FE4143007E79E7 /* PracticeVM.swift */,
			);
			path = Practice;
			sourceTree = "<group>";
		};
		81A2DF4B29F3C094007FFA18 /* Shared */ = {
			isa = PBXGroup;
			children = (
				81A2DF5E29F59492007FFA18 /* CustomButtonStyle01.swift */,
			);
			path = Shared;
			sourceTree = "<group>";
		};
		81A2DF4C29F3C247007FFA18 /* Frameworks */ = {
			isa = PBXGroup;
			children = (
			);
			name = Frameworks;
			sourceTree = "<group>";
		};
		81A2DF5529F3C8E6007FFA18 /* Utilities */ = {
			isa = PBXGroup;
			children = (
				81A2DF5629F3C90B007FFA18 /* Utilities.swift */,
				81A2DF5A29F3DCFE007FFA18 /* SignInGoogleHelper.swift */,
				81A2DF5C29F5176F007FFA18 /* SignInAppleHelper.swift */,
				81E98FAF29FF8BC8007BB76F /* DependencyInjection.swift */,
			);
			path = Utilities;
			sourceTree = "<group>";
		};
		81A2DF6029F59E5C007FFA18 /* CreateAccountProcess */ = {
			isa = PBXGroup;
			children = (
				81A2DF4529F3BD54007FFA18 /* CreateAccountView.swift */,
			);
			path = CreateAccountProcess;
			sourceTree = "<group>";
		};
		81C3E18529F819D900A76489 /* Extensions */ = {
			isa = PBXGroup;
			children = (
				81C3E18729F81A0700A76489 /* Query+EXT.swift */,
			);
			path = Extensions;
			sourceTree = "<group>";
		};
		81CEDDCD29F2C93E00B54BC1 /* CustomTabBar */ = {
			isa = PBXGroup;
			children = (
				81CEDDD129F2C93E00B54BC1 /* TabBarView.swift */,
				8191A08D29F2B07A0051223D /* TabBarVM.swift */,
				81CEDDD829F2D42600B54BC1 /* TabBarSubviews */,
			);
			path = CustomTabBar;
			sourceTree = "<group>";
		};
		81CEDDD829F2D42600B54BC1 /* TabBarSubviews */ = {
			isa = PBXGroup;
			children = (
				81CEDDCF29F2C93E00B54BC1 /* CustomTabBarView.swift */,
				81CEDDD029F2C93E00B54BC1 /* TabBarItemsPreferenceKey.swift */,
				81CEDDD229F2C93E00B54BC1 /* CustomTabBarContainerView.swift */,
				81CEDDCE29F2C93E00B54BC1 /* TabBarItem.swift */,
			);
			path = TabBarSubviews;
			sourceTree = "<group>";
		};
		81CEDDE229F3B9B900B54BC1 /* Onboarding */ = {
			isa = PBXGroup;
			children = (
				81CEDDE029F3B9AE00B54BC1 /* OnboardingView.swift */,
				81A2DF4729F3BE3E007FFA18 /* OnboardingVM.swift */,
				81A2DF4129F3BCBF007FFA18 /* SignInView.swift */,
				81A2DF6029F59E5C007FFA18 /* CreateAccountProcess */,
			);
			path = Onboarding;
			sourceTree = "<group>";
		};
		81E98FB129FFA77B007BB76F /* Protocols */ = {
			isa = PBXGroup;
			children = (
				81E98FB429FFA922007BB76F /* AuthenticationManagerProtocol.swift */,
				81E98FB229FFA796007BB76F /* UserManagerProtocol.swift */,
			);
			path = Protocols;
			sourceTree = "<group>";
		};
/* End PBXGroup section */

/* Begin PBXNativeTarget section */
		8191A07329F2AAA00051223D /* FreeFlashCards */ = {
			isa = PBXNativeTarget;
			buildConfigurationList = 8191A08229F2AAA20051223D /* Build configuration list for PBXNativeTarget "FreeFlashCards" */;
			buildPhases = (
				8191A07029F2AAA00051223D /* Sources */,
				8191A07129F2AAA00051223D /* Frameworks */,
				8191A07229F2AAA00051223D /* Resources */,
			);
			buildRules = (
			);
			dependencies = (
			);
			name = FreeFlashCards;
			packageProductDependencies = (
				81A2DF5029F3C365007FFA18 /* GoogleSignIn */,
				81A2DF5229F3C365007FFA18 /* GoogleSignInSwift */,
				81C3E16629F7B16100A76489 /* FirebaseAnalytics */,
				81C3E16829F7B16100A76489 /* FirebaseAnalyticsSwift */,
				81C3E16A29F7B16100A76489 /* FirebaseAuth */,
				81C3E16C29F7B16100A76489 /* FirebaseFirestore */,
				81C3E16E29F7B16100A76489 /* FirebaseFirestoreSwift */,
			);
			productName = FreeFlashCards;
			productReference = 8191A07429F2AAA00051223D /* FreeFlashCards.app */;
			productType = "com.apple.product-type.application";
		};
/* End PBXNativeTarget section */

/* Begin PBXProject section */
		8191A06C29F2AAA00051223D /* Project object */ = {
			isa = PBXProject;
			attributes = {
				BuildIndependentTargetsInParallel = 1;
				LastSwiftUpdateCheck = 1420;
				LastUpgradeCheck = 1420;
				TargetAttributes = {
					8191A07329F2AAA00051223D = {
						CreatedOnToolsVersion = 14.2;
					};
				};
			};
			buildConfigurationList = 8191A06F29F2AAA00051223D /* Build configuration list for PBXProject "FreeFlashCards" */;
			compatibilityVersion = "Xcode 14.0";
			developmentRegion = en;
			hasScannedForEncodings = 0;
			knownRegions = (
				en,
				Base,
			);
			mainGroup = 8191A06B29F2AAA00051223D;
			packageReferences = (
				81CEDDDB29F3B19600B54BC1 /* XCRemoteSwiftPackageReference "firebase-ios-sdk" */,
				81A2DF4F29F3C365007FFA18 /* XCRemoteSwiftPackageReference "GoogleSignIn-iOS" */,
			);
			productRefGroup = 8191A07529F2AAA00051223D /* Products */;
			projectDirPath = "";
			projectRoot = "";
			targets = (
				8191A07329F2AAA00051223D /* FreeFlashCards */,
			);
		};
/* End PBXProject section */

/* Begin PBXResourcesBuildPhase section */
		8191A07229F2AAA00051223D /* Resources */ = {
			isa = PBXResourcesBuildPhase;
			buildActionMask = 2147483647;
			files = (
				8191A07F29F2AAA20051223D /* Preview Assets.xcassets in Resources */,
				8191A07C29F2AAA20051223D /* Assets.xcassets in Resources */,
				81CEDDDA29F3B07600B54BC1 /* GoogleService-Info.plist in Resources */,
			);
			runOnlyForDeploymentPostprocessing = 0;
		};
/* End PBXResourcesBuildPhase section */

/* Begin PBXSourcesBuildPhase section */
		8191A07029F2AAA00051223D /* Sources */ = {
			isa = PBXSourcesBuildPhase;
			buildActionMask = 2147483647;
			files = (
				81CEDDD629F2C93E00B54BC1 /* TabBarView.swift in Sources */,
				81FF80C729FE4143007E79E7 /* PracticeVM.swift in Sources */,
				81CEDDD429F2C93E00B54BC1 /* CustomTabBarView.swift in Sources */,
				8191A08E29F2B07A0051223D /* TabBarVM.swift in Sources */,
				81F0B46329FCE15E00A34BCD /* Lesson.swift in Sources */,
				81F0B46529FCE76700A34BCD /* PersonalCourse.swift in Sources */,
				8124D33F29FC2E70001783B0 /* HomeVM.swift in Sources */,
				81A2DF5929F3CE51007FFA18 /* AuthenticationManager.swift in Sources */,
				814FD08B29F6F8B20088AFE1 /* DBUser.swift in Sources */,
				8124D34429FC3AA4001783B0 /* CoursesManager.swift in Sources */,
				81A2DF4A29F3BF23007FFA18 /* SharedVM.swift in Sources */,
				8191A09229F2B0F50051223D /* SettingsView.swift in Sources */,
				81E98FB029FF8BC8007BB76F /* DependencyInjection.swift in Sources */,
				814FD08929F6E9EA0088AFE1 /* UserManager.swift in Sources */,
				8191A07A29F2AAA10051223D /* HomeScreen.swift in Sources */,
				81E98FB529FFA922007BB76F /* AuthenticationManagerProtocol.swift in Sources */,
				8124D34229FC38B2001783B0 /* CoursesView.swift in Sources */,
				8191A09029F2B0E90051223D /* PracticeScreen.swift in Sources */,
				81E98FB729FFA95D007BB76F /* AuthDataResultModel.swift in Sources */,
				81A2DF5D29F5176F007FFA18 /* SignInAppleHelper.swift in Sources */,
				81CEDDD729F2C93E00B54BC1 /* CustomTabBarContainerView.swift in Sources */,
				8191A07829F2AAA00051223D /* FreeFlashCardsApp.swift in Sources */,
				81CEDDD329F2C93E00B54BC1 /* TabBarItem.swift in Sources */,
				814FD08729F6E5180088AFE1 /* ProfileVM.swift in Sources */,
				81A2DF5B29F3DCFE007FFA18 /* SignInGoogleHelper.swift in Sources */,
				81A2DF5729F3C90B007FFA18 /* Utilities.swift in Sources */,
				81CEDDE129F3B9AE00B54BC1 /* OnboardingView.swift in Sources */,
				814FD08529F6E5010088AFE1 /* ProfileScreen.swift in Sources */,
				81A2DF5F29F59492007FFA18 /* CustomButtonStyle01.swift in Sources */,
				81C3E18829F81A0700A76489 /* Query+EXT.swift in Sources */,
				81E98FB329FFA796007BB76F /* UserManagerProtocol.swift in Sources */,
				81A2DF4829F3BE3E007FFA18 /* OnboardingVM.swift in Sources */,
				8124D34629FC411C001783B0 /* Course.swift in Sources */,
				81F0B46729FCEA2800A34BCD /* FLashCard.swift in Sources */,
				81A2DF4629F3BD54007FFA18 /* CreateAccountView.swift in Sources */,
				8191A09429F2B1020051223D /* SettingsVM.swift in Sources */,
				81CEDDD529F2C93E00B54BC1 /* TabBarItemsPreferenceKey.swift in Sources */,
				81A2DF4229F3BCBF007FFA18 /* SignInView.swift in Sources */,
			);
			runOnlyForDeploymentPostprocessing = 0;
		};
/* End PBXSourcesBuildPhase section */

/* Begin XCBuildConfiguration section */
		8191A08029F2AAA20051223D /* Debug */ = {
			isa = XCBuildConfiguration;
			buildSettings = {
				ALWAYS_SEARCH_USER_PATHS = NO;
				CLANG_ANALYZER_NONNULL = YES;
				CLANG_ANALYZER_NUMBER_OBJECT_CONVERSION = YES_AGGRESSIVE;
				CLANG_CXX_LANGUAGE_STANDARD = "gnu++20";
				CLANG_ENABLE_MODULES = YES;
				CLANG_ENABLE_OBJC_ARC = YES;
				CLANG_ENABLE_OBJC_WEAK = YES;
				CLANG_WARN_BLOCK_CAPTURE_AUTORELEASING = YES;
				CLANG_WARN_BOOL_CONVERSION = YES;
				CLANG_WARN_COMMA = YES;
				CLANG_WARN_CONSTANT_CONVERSION = YES;
				CLANG_WARN_DEPRECATED_OBJC_IMPLEMENTATIONS = YES;
				CLANG_WARN_DIRECT_OBJC_ISA_USAGE = YES_ERROR;
				CLANG_WARN_DOCUMENTATION_COMMENTS = YES;
				CLANG_WARN_EMPTY_BODY = YES;
				CLANG_WARN_ENUM_CONVERSION = YES;
				CLANG_WARN_INFINITE_RECURSION = YES;
				CLANG_WARN_INT_CONVERSION = YES;
				CLANG_WARN_NON_LITERAL_NULL_CONVERSION = YES;
				CLANG_WARN_OBJC_IMPLICIT_RETAIN_SELF = YES;
				CLANG_WARN_OBJC_LITERAL_CONVERSION = YES;
				CLANG_WARN_OBJC_ROOT_CLASS = YES_ERROR;
				CLANG_WARN_QUOTED_INCLUDE_IN_FRAMEWORK_HEADER = YES;
				CLANG_WARN_RANGE_LOOP_ANALYSIS = YES;
				CLANG_WARN_STRICT_PROTOTYPES = YES;
				CLANG_WARN_SUSPICIOUS_MOVE = YES;
				CLANG_WARN_UNGUARDED_AVAILABILITY = YES_AGGRESSIVE;
				CLANG_WARN_UNREACHABLE_CODE = YES;
				CLANG_WARN__DUPLICATE_METHOD_MATCH = YES;
				COPY_PHASE_STRIP = NO;
				DEBUG_INFORMATION_FORMAT = dwarf;
				ENABLE_STRICT_OBJC_MSGSEND = YES;
				ENABLE_TESTABILITY = YES;
				GCC_C_LANGUAGE_STANDARD = gnu11;
				GCC_DYNAMIC_NO_PIC = NO;
				GCC_NO_COMMON_BLOCKS = YES;
				GCC_OPTIMIZATION_LEVEL = 0;
				GCC_PREPROCESSOR_DEFINITIONS = (
					"DEBUG=1",
					"$(inherited)",
				);
				GCC_WARN_64_TO_32_BIT_CONVERSION = YES;
				GCC_WARN_ABOUT_RETURN_TYPE = YES_ERROR;
				GCC_WARN_UNDECLARED_SELECTOR = YES;
				GCC_WARN_UNINITIALIZED_AUTOS = YES_AGGRESSIVE;
				GCC_WARN_UNUSED_FUNCTION = YES;
				GCC_WARN_UNUSED_VARIABLE = YES;
				IPHONEOS_DEPLOYMENT_TARGET = 16.0;
				MTL_ENABLE_DEBUG_INFO = INCLUDE_SOURCE;
				MTL_FAST_MATH = YES;
				ONLY_ACTIVE_ARCH = YES;
				SDKROOT = iphoneos;
				SWIFT_ACTIVE_COMPILATION_CONDITIONS = DEBUG;
				SWIFT_OPTIMIZATION_LEVEL = "-Onone";
			};
			name = Debug;
		};
		8191A08129F2AAA20051223D /* Release */ = {
			isa = XCBuildConfiguration;
			buildSettings = {
				ALWAYS_SEARCH_USER_PATHS = NO;
				CLANG_ANALYZER_NONNULL = YES;
				CLANG_ANALYZER_NUMBER_OBJECT_CONVERSION = YES_AGGRESSIVE;
				CLANG_CXX_LANGUAGE_STANDARD = "gnu++20";
				CLANG_ENABLE_MODULES = YES;
				CLANG_ENABLE_OBJC_ARC = YES;
				CLANG_ENABLE_OBJC_WEAK = YES;
				CLANG_WARN_BLOCK_CAPTURE_AUTORELEASING = YES;
				CLANG_WARN_BOOL_CONVERSION = YES;
				CLANG_WARN_COMMA = YES;
				CLANG_WARN_CONSTANT_CONVERSION = YES;
				CLANG_WARN_DEPRECATED_OBJC_IMPLEMENTATIONS = YES;
				CLANG_WARN_DIRECT_OBJC_ISA_USAGE = YES_ERROR;
				CLANG_WARN_DOCUMENTATION_COMMENTS = YES;
				CLANG_WARN_EMPTY_BODY = YES;
				CLANG_WARN_ENUM_CONVERSION = YES;
				CLANG_WARN_INFINITE_RECURSION = YES;
				CLANG_WARN_INT_CONVERSION = YES;
				CLANG_WARN_NON_LITERAL_NULL_CONVERSION = YES;
				CLANG_WARN_OBJC_IMPLICIT_RETAIN_SELF = YES;
				CLANG_WARN_OBJC_LITERAL_CONVERSION = YES;
				CLANG_WARN_OBJC_ROOT_CLASS = YES_ERROR;
				CLANG_WARN_QUOTED_INCLUDE_IN_FRAMEWORK_HEADER = YES;
				CLANG_WARN_RANGE_LOOP_ANALYSIS = YES;
				CLANG_WARN_STRICT_PROTOTYPES = YES;
				CLANG_WARN_SUSPICIOUS_MOVE = YES;
				CLANG_WARN_UNGUARDED_AVAILABILITY = YES_AGGRESSIVE;
				CLANG_WARN_UNREACHABLE_CODE = YES;
				CLANG_WARN__DUPLICATE_METHOD_MATCH = YES;
				COPY_PHASE_STRIP = NO;
				DEBUG_INFORMATION_FORMAT = "dwarf-with-dsym";
				ENABLE_NS_ASSERTIONS = NO;
				ENABLE_STRICT_OBJC_MSGSEND = YES;
				GCC_C_LANGUAGE_STANDARD = gnu11;
				GCC_NO_COMMON_BLOCKS = YES;
				GCC_WARN_64_TO_32_BIT_CONVERSION = YES;
				GCC_WARN_ABOUT_RETURN_TYPE = YES_ERROR;
				GCC_WARN_UNDECLARED_SELECTOR = YES;
				GCC_WARN_UNINITIALIZED_AUTOS = YES_AGGRESSIVE;
				GCC_WARN_UNUSED_FUNCTION = YES;
				GCC_WARN_UNUSED_VARIABLE = YES;
				IPHONEOS_DEPLOYMENT_TARGET = 16.0;
				MTL_ENABLE_DEBUG_INFO = NO;
				MTL_FAST_MATH = YES;
				SDKROOT = iphoneos;
				SWIFT_COMPILATION_MODE = wholemodule;
				SWIFT_OPTIMIZATION_LEVEL = "-O";
				VALIDATE_PRODUCT = YES;
			};
			name = Release;
		};
		8191A08329F2AAA20051223D /* Debug */ = {
			isa = XCBuildConfiguration;
			buildSettings = {
				ASSETCATALOG_COMPILER_APPICON_NAME = AppIcon;
				ASSETCATALOG_COMPILER_GLOBAL_ACCENT_COLOR_NAME = AccentColor;
				CODE_SIGN_STYLE = Automatic;
				CURRENT_PROJECT_VERSION = 1;
				DEVELOPMENT_ASSET_PATHS = "\"FreeFlashCards/Preview Content\"";
				DEVELOPMENT_TEAM = NJ6276552N;
				ENABLE_PREVIEWS = YES;
				GENERATE_INFOPLIST_FILE = YES;
				INFOPLIST_FILE = FreeFlashCards/Info.plist;
				INFOPLIST_KEY_LSApplicationCategoryType = "public.app-category.education";
				INFOPLIST_KEY_UIApplicationSceneManifest_Generation = YES;
				INFOPLIST_KEY_UIApplicationSupportsIndirectInputEvents = YES;
				INFOPLIST_KEY_UILaunchScreen_Generation = YES;
				INFOPLIST_KEY_UISupportedInterfaceOrientations = UIInterfaceOrientationPortrait;
				INFOPLIST_KEY_UISupportedInterfaceOrientations_iPad = "UIInterfaceOrientationLandscapeLeft UIInterfaceOrientationLandscapeRight UIInterfaceOrientationPortrait UIInterfaceOrientationPortraitUpsideDown";
				LD_RUNPATH_SEARCH_PATHS = (
					"$(inherited)",
					"@executable_path/Frameworks",
				);
				MARKETING_VERSION = 1.0;
				PRODUCT_BUNDLE_IDENTIFIER = com.vojtechkalivoda.FreeFlashCards;
				PRODUCT_NAME = "$(TARGET_NAME)";
				SWIFT_EMIT_LOC_STRINGS = YES;
				SWIFT_VERSION = 5.0;
				TARGETED_DEVICE_FAMILY = "1,2";
			};
			name = Debug;
		};
		8191A08429F2AAA20051223D /* Release */ = {
			isa = XCBuildConfiguration;
			buildSettings = {
				ASSETCATALOG_COMPILER_APPICON_NAME = AppIcon;
				ASSETCATALOG_COMPILER_GLOBAL_ACCENT_COLOR_NAME = AccentColor;
				CODE_SIGN_STYLE = Automatic;
				CURRENT_PROJECT_VERSION = 1;
				DEVELOPMENT_ASSET_PATHS = "\"FreeFlashCards/Preview Content\"";
				DEVELOPMENT_TEAM = NJ6276552N;
				ENABLE_PREVIEWS = YES;
				GENERATE_INFOPLIST_FILE = YES;
				INFOPLIST_FILE = FreeFlashCards/Info.plist;
				INFOPLIST_KEY_LSApplicationCategoryType = "public.app-category.education";
				INFOPLIST_KEY_UIApplicationSceneManifest_Generation = YES;
				INFOPLIST_KEY_UIApplicationSupportsIndirectInputEvents = YES;
				INFOPLIST_KEY_UILaunchScreen_Generation = YES;
				INFOPLIST_KEY_UISupportedInterfaceOrientations = UIInterfaceOrientationPortrait;
				INFOPLIST_KEY_UISupportedInterfaceOrientations_iPad = "UIInterfaceOrientationLandscapeLeft UIInterfaceOrientationLandscapeRight UIInterfaceOrientationPortrait UIInterfaceOrientationPortraitUpsideDown";
				LD_RUNPATH_SEARCH_PATHS = (
					"$(inherited)",
					"@executable_path/Frameworks",
				);
				MARKETING_VERSION = 1.0;
				PRODUCT_BUNDLE_IDENTIFIER = com.vojtechkalivoda.FreeFlashCards;
				PRODUCT_NAME = "$(TARGET_NAME)";
				SWIFT_EMIT_LOC_STRINGS = YES;
				SWIFT_VERSION = 5.0;
				TARGETED_DEVICE_FAMILY = "1,2";
			};
			name = Release;
		};
/* End XCBuildConfiguration section */

/* Begin XCConfigurationList section */
		8191A06F29F2AAA00051223D /* Build configuration list for PBXProject "FreeFlashCards" */ = {
			isa = XCConfigurationList;
			buildConfigurations = (
				8191A08029F2AAA20051223D /* Debug */,
				8191A08129F2AAA20051223D /* Release */,
			);
			defaultConfigurationIsVisible = 0;
			defaultConfigurationName = Release;
		};
		8191A08229F2AAA20051223D /* Build configuration list for PBXNativeTarget "FreeFlashCards" */ = {
			isa = XCConfigurationList;
			buildConfigurations = (
				8191A08329F2AAA20051223D /* Debug */,
				8191A08429F2AAA20051223D /* Release */,
			);
			defaultConfigurationIsVisible = 0;
			defaultConfigurationName = Release;
		};
/* End XCConfigurationList section */

/* Begin XCRemoteSwiftPackageReference section */
		81A2DF4F29F3C365007FFA18 /* XCRemoteSwiftPackageReference "GoogleSignIn-iOS" */ = {
			isa = XCRemoteSwiftPackageReference;
			repositoryURL = "https://github.com/google/GoogleSignIn-iOS.git";
			requirement = {
				kind = upToNextMajorVersion;
				minimumVersion = 7.0.0;
			};
		};
		81CEDDDB29F3B19600B54BC1 /* XCRemoteSwiftPackageReference "firebase-ios-sdk" */ = {
			isa = XCRemoteSwiftPackageReference;
			repositoryURL = "https://github.com/firebase/firebase-ios-sdk";
			requirement = {
				kind = exactVersion;
				version = 10.4.0;
			};
		};
/* End XCRemoteSwiftPackageReference section */

/* Begin XCSwiftPackageProductDependency section */
		81A2DF5029F3C365007FFA18 /* GoogleSignIn */ = {
			isa = XCSwiftPackageProductDependency;
			package = 81A2DF4F29F3C365007FFA18 /* XCRemoteSwiftPackageReference "GoogleSignIn-iOS" */;
			productName = GoogleSignIn;
		};
		81A2DF5229F3C365007FFA18 /* GoogleSignInSwift */ = {
			isa = XCSwiftPackageProductDependency;
			package = 81A2DF4F29F3C365007FFA18 /* XCRemoteSwiftPackageReference "GoogleSignIn-iOS" */;
			productName = GoogleSignInSwift;
		};
		81C3E16629F7B16100A76489 /* FirebaseAnalytics */ = {
			isa = XCSwiftPackageProductDependency;
			package = 81CEDDDB29F3B19600B54BC1 /* XCRemoteSwiftPackageReference "firebase-ios-sdk" */;
			productName = FirebaseAnalytics;
		};
		81C3E16829F7B16100A76489 /* FirebaseAnalyticsSwift */ = {
			isa = XCSwiftPackageProductDependency;
			package = 81CEDDDB29F3B19600B54BC1 /* XCRemoteSwiftPackageReference "firebase-ios-sdk" */;
			productName = FirebaseAnalyticsSwift;
		};
		81C3E16A29F7B16100A76489 /* FirebaseAuth */ = {
			isa = XCSwiftPackageProductDependency;
			package = 81CEDDDB29F3B19600B54BC1 /* XCRemoteSwiftPackageReference "firebase-ios-sdk" */;
			productName = FirebaseAuth;
		};
		81C3E16C29F7B16100A76489 /* FirebaseFirestore */ = {
			isa = XCSwiftPackageProductDependency;
			package = 81CEDDDB29F3B19600B54BC1 /* XCRemoteSwiftPackageReference "firebase-ios-sdk" */;
			productName = FirebaseFirestore;
		};
		81C3E16E29F7B16100A76489 /* FirebaseFirestoreSwift */ = {
			isa = XCSwiftPackageProductDependency;
			package = 81CEDDDB29F3B19600B54BC1 /* XCRemoteSwiftPackageReference "firebase-ios-sdk" */;
			productName = FirebaseFirestoreSwift;
		};
/* End XCSwiftPackageProductDependency section */
	};
	rootObject = 8191A06C29F2AAA00051223D /* Project object */;
}
